
Microsoft Visual Studio Solution File, Format Version 12.00
# Visual Studio Version 16
VisualStudioVersion = 16.0.30611.23
MinimumVisualStudioVersion = 10.0.40219.1
Project("{FAE04EC0-301F-11D3-BF4B-00C04F79EFBC}") = "OSC", "OSC.csproj", "{f9aea208-9c19-48e1-9b4b-7cc403501315}"
EndProject
Global
	GlobalSection(SolutionConfigurationPlatforms) = preSolution
		Debug|Any CPU = Debug|Any CPU
		Release|Any CPU = Release|Any CPU
	EndGlobalSection
	GlobalSection(ProjectConfigurationPlatforms) = postSolution
		{f9aea208-9c19-48e1-9b4b-7cc403501315}.Debug|Any CPU.ActiveCfg = Debug|Any CPU
		{f9aea208-9c19-48e1-9b4b-7cc403501315}.Debug|Any CPU.Build.0 = Debug|Any CPU
		{f9aea208-9c19-48e1-9b4b-7cc403501315}.Release|Any CPU.ActiveCfg = Release|Any CPU
		{f9aea208-9c19-48e1-9b4b-7cc403501315}.Release|Any CPU.Build.0 = Release|Any CPU
	EndGlobalSection
	GlobalSection(SolutionProperties) = preSolution
		HideSolutionNode = FALSE
	EndGlobalSection
	GlobalSection(ExtensibilityGlobals) = postSolution
		SolutionGuid = {1EB677A7-3B82-4790-BD19-5337B3DF8DD1}
	EndGlobalSection
EndGlobal
